{
  "name": "cpnaestved.dk",
  "lockfileVersion": 3,
  "requires": true,
  "packages": {
    "": {
      "dependencies": {
        "konami": "^1.7.0"
      }
    },
    "node_modules/konami": {
      "version": "1.7.0",
      "resolved": "https://registry.npmjs.org/konami/-/konami-1.7.0.tgz",
      "integrity": "sha512-lfw/bXyPcOYVP0Vt05PKVYWp/Rx92eUIg48Kb2jkY2Ko00jWMTzk6jt5bRdkVRfvPr9RLTl1DM6vVrjWLXnQyg==",
      "license": "MIT"
    }
  }
}
